{
  "pins" : [
    {
      "identity" : "capacitor-swift-pm",
      "kind" : "remoteSourceControl",
      "location" : "https://github.com/ionic-team/capacitor-swift-pm.git",
      "state" : {
        "revision" : "596259033e94829dffc552a40e7129262122995e",
        "version" : "8.0.0"
      }
    },
    {
      "identity" : "stream-core-swift",
      "kind" : "remoteSourceControl",
      "location" : "https://github.com/GetStream/stream-core-swift.git",
      "state" : {
        "revision" : "fc4cc112690e1389e5ca3172bc3b55fea1dbc0da",
        "version" : "0.10.1"
      }
    },
    {
      "identity" : "stream-video-swift",
      "kind" : "remoteSourceControl",
      "location" : "https://github.com/GetStream/stream-video-swift.git",
      "state" : {
        "revision" : "0b22fd405cea5eac3e65a2b51b6a0125f495bb57",
        "version" : "1.53.0"
      }
    },
    {
      "identity" : "stream-video-swift-webrtc",
      "kind" : "remoteSourceControl",
      "location" : "https://github.com/GetStream/stream-video-swift-webrtc.git",
      "state" : {
        "revision" : "3b93811650dfb4ac46ec4cdc154b6e86e0f2009e",
        "version" : "145.15.0"
      }
    },
    {
      "identity" : "swift-protobuf",
      "kind" : "remoteSourceControl",
      "location" : "https://github.com/apple/swift-protobuf.git",
      "state" : {
        "revision" : "55d7a1cc5666b85c13464aea1c4b4a90feccb4c8",
        "version" : "1.38.1"
      }
    }
  ],
  "version" : 2
}
